
Microsoft Visual Studio Solution File, Format Version 12.00
# Visual Studio Version 17
VisualStudioVersion = 17.6.33829.357
MinimumVisualStudioVersion = 10.0.40219.1
Project("{FAE04EC0-301F-11D3-BF4B-00C04F79EFBC}") = "FirmwareUpdater", "FirmwareUpdater\FirmwareUpdater.csproj", "{5E054ADA-47A0-4F7E-88AF-8E9E8BB0DE6B}"
EndProject
Global
	GlobalSection(SolutionConfigurationPlatforms) = preSolution
		Debug|Any CPU = Debug|Any CPU
		Release|Any CPU = Release|Any CPU
	EndGlobalSection
	GlobalSection(ProjectConfigurationPlatforms) = postSolution
		{5E054ADA-47A0-4F7E-88AF-8E9E8BB0DE6B}.Debug|Any CPU.ActiveCfg = Debug|Any CPU
		{5E054ADA-47A0-4F7E-88AF-8E9E8BB0DE6B}.Debug|Any CPU.Build.0 = Debug|Any CPU
		{5E054ADA-47A0-4F7E-88AF-8E9E8BB0DE6B}.Release|Any CPU.ActiveCfg = Release|Any CPU
		{5E054ADA-47A0-4F7E-88AF-8E9E8BB0DE6B}.Release|Any CPU.Build.0 = Release|Any CPU
	EndGlobalSection
	GlobalSection(SolutionProperties) = preSolution
		HideSolutionNode = FALSE
	EndGlobalSection
	GlobalSection(ExtensibilityGlobals) = postSolution
		SolutionGuid = {0402BF8A-8E71-422B-A248-5CB5EA4AFE83}
	EndGlobalSection
EndGlobal
